// !$*UTF8*$!
{
	archiveVersion = 1;
	classes = {
	};
	objectVersion = 56;
	objects = {

/* Begin PBXBuildFile section */
		572B6718292FFA7A0050F553 /* FaceListApp.swift in Sources */ = {isa = PBXBuildFile; fileRef = 572B6717292FFA7A0050F553 /* FaceListApp.swift */; };
		572B671A292FFA7A0050F553 /* ContentView.swift in Sources */ = {isa = PBXBuildFile; fileRef = 572B6719292FFA7A0050F553 /* ContentView.swift */; };
		572B671C292FFA7B0050F553 /* Assets.xcassets in Resources */ = {isa = PBXBuildFile; fileRef = 572B671B292FFA7B0050F553 /* Assets.xcassets */; };
		572B671F292FFA7B0050F553 /* Preview Assets.xcassets in Resources */ = {isa = PBXBuildFile; fileRef = 572B671E292FFA7B0050F553 /* Preview Assets.xcassets */; };
		572B6729292FFBDE0050F553 /* ContentView-ViewModel.swift in Sources */ = {isa = PBXBuildFile; fileRef = 572B6728292FFBDE0050F553 /* ContentView-ViewModel.swift */; };
		5798BA942930DD39007A71F6 /* Face.swift in Sources */ = {isa = PBXBuildFile; fileRef = 5798BA932930DD39007A71F6 /* Face.swift */; };
		5798BA982930E051007A71F6 /* FaceDetailView.swift in Sources */ = {isa = PBXBuildFile; fileRef = 5798BA972930E051007A71F6 /* FaceDetailView.swift */; };
		5798BA9A29313286007A71F6 /* ImagePicker.swift in Sources */ = {isa = PBXBuildFile; fileRef = 5798BA9929313286007A71F6 /* ImagePicker.swift */; };
		5798BA9F293161F4007A71F6 /* NewFace.swift in Sources */ = {isa = PBXBuildFile; fileRef = 5798BA9E293161F4007A71F6 /* NewFace.swift */; };
		5798BAA129316204007A71F6 /* NewFace-ViewModel.swift in Sources */ = {isa = PBXBuildFile; fileRef = 5798BAA029316204007A71F6 /* NewFace-ViewModel.swift */; };
		5798BAA3293164DB007A71F6 /* Faces.swift in Sources */ = {isa = PBXBuildFile; fileRef = 5798BAA2293164DB007A71F6 /* Faces.swift */; };
		5798BAA52932C2E7007A71F6 /* DataController.swift in Sources */ = {isa = PBXBuildFile; fileRef = 5798BAA42932C2E7007A71F6 /* DataController.swift */; };
		5798BAA82932C312007A71F6 /* FaceList.xcdatamodeld in Sources */ = {isa = PBXBuildFile; fileRef = 5798BAA62932C312007A71F6 /* FaceList.xcdatamodeld */; };
		5798BAB32933C6CD007A71F6 /* FileManager-DocumentsDirectory.swift in Sources */ = {isa = PBXBuildFile; fileRef = 5798BAB22933C6CD007A71F6 /* FileManager-DocumentsDirectory.swift */; };
		5798BAB52933C749007A71F6 /* FileManager.swift in Sources */ = {isa = PBXBuildFile; fileRef = 5798BAB42933C749007A71F6 /* FileManager.swift */; };
		5798BAB72933CDD4007A71F6 /* FaceDetailView-ViewModel.swift in Sources */ = {isa = PBXBuildFile; fileRef = 5798BAB62933CDD4007A71F6 /* FaceDetailView-ViewModel.swift */; };
		57A51FE62935217F00638FC5 /* LocationFetcher.swift in Sources */ = {isa = PBXBuildFile; fileRef = 57A51FE52935217F00638FC5 /* LocationFetcher.swift */; };
		57A51FE9293524C000638FC5 /* SavedFace+CoreDataClass.swift in Sources */ = {isa = PBXBuildFile; fileRef = 57A51FE7293524C000638FC5 /* SavedFace+CoreDataClass.swift */; };
		57A51FEA293524C000638FC5 /* SavedFace+CoreDataProperties.swift in Sources */ = {isa = PBXBuildFile; fileRef = 57A51FE8293524C000638FC5 /* SavedFace+CoreDataProperties.swift */; };
/* End PBXBuildFile section */

/* Begin PBXFileReference section */
		572B6714292FFA7A0050F553 /* FaceList.app */ = {isa = PBXFileReference; explicitFileType = wrapper.application; includeInIndex = 0; path = FaceList.app; sourceTree = BUILT_PRODUCTS_DIR; };
		572B6717292FFA7A0050F553 /* FaceListApp.swift */ = {isa = PBXFileReference; lastKnownFileType = sourcecode.swift; path = FaceListApp.swift; sourceTree = "<group>"; };
		572B6719292FFA7A0050F553 /* ContentView.swift */ = {isa = PBXFileReference; lastKnownFileType = sourcecode.swift; path = ContentView.swift; sourceTree = "<group>"; };
		572B671B292FFA7B0050F553 /* Assets.xcassets */ = {isa = PBXFileReference; lastKnownFileType = folder.assetcatalog; path = Assets.xcassets; sourceTree = "<group>"; };
		572B671E292FFA7B0050F553 /* Preview Assets.xcassets */ = {isa = PBXFileReference; lastKnownFileType = folder.assetcatalog; path = "Preview Assets.xcassets"; sourceTree = "<group>"; };
		572B6728292FFBDE0050F553 /* ContentView-ViewModel.swift */ = {isa = PBXFileReference; lastKnownFileType = sourcecode.swift; path = "ContentView-ViewModel.swift"; sourceTree = "<group>"; };
		5798BA932930DD39007A71F6 /* Face.swift */ = {isa = PBXFileReference; lastKnownFileType = sourcecode.swift; path = Face.swift; sourceTree = "<group>"; };
		5798BA972930E051007A71F6 /* FaceDetailView.swift */ = {isa = PBXFileReference; lastKnownFileType = sourcecode.swift; path = FaceDetailView.swift; sourceTree = "<group>"; };
		5798BA9929313286007A71F6 /* ImagePicker.swift */ = {isa = PBXFileReference; lastKnownFileType = sourcecode.swift; path = ImagePicker.swift; sourceTree = "<group>"; };
		5798BA9C2931380E007A71F6 /* Info.plist */ = {isa = PBXFileReference; fileEncoding = 4; lastKnownFileType = text.plist.xml; path = Info.plist; sourceTree = "<group>"; };
		5798BA9E293161F4007A71F6 /* NewFace.swift */ = {isa = PBXFileReference; lastKnownFileType = sourcecode.swift; path = NewFace.swift; sourceTree = "<group>"; };
		5798BAA029316204007A71F6 /* NewFace-ViewModel.swift */ = {isa = PBXFileReference; lastKnownFileType = sourcecode.swift; path = "NewFace-ViewModel.swift"; sourceTree = "<group>"; };
		5798BAA2293164DB007A71F6 /* Faces.swift */ = {isa = PBXFileReference; lastKnownFileType = sourcecode.swift; path = Faces.swift; sourceTree = "<group>"; };
		5798BAA42932C2E7007A71F6 /* DataController.swift */ = {isa = PBXFileReference; lastKnownFileType = sourcecode.swift; path = DataController.swift; sourceTree = "<group>"; };
		5798BAA72932C312007A71F6 /* FaceList.xcdatamodel */ = {isa = PBXFileReference; lastKnownFileType = wrapper.xcdatamodel; path = FaceList.xcdatamodel; sourceTree = "<group>"; };
		5798BAB22933C6CD007A71F6 /* FileManager-DocumentsDirectory.swift */ = {isa = PBXFileReference; lastKnownFileType = sourcecode.swift; path = "FileManager-DocumentsDirectory.swift"; sourceTree = "<group>"; };
		5798BAB42933C749007A71F6 /* FileManager.swift */ = {isa = PBXFileReference; lastKnownFileType = sourcecode.swift; path = FileManager.swift; sourceTree = "<group>"; };
		5798BAB62933CDD4007A71F6 /* FaceDetailView-ViewModel.swift */ = {isa = PBXFileReference; lastKnownFileType = sourcecode.swift; path = "FaceDetailView-ViewModel.swift"; sourceTree = "<group>"; };
		57A51FE52935217F00638FC5 /* LocationFetcher.swift */ = {isa = PBXFileReference; lastKnownFileType = sourcecode.swift; path = LocationFetcher.swift; sourceTree = "<group>"; };
		57A51FE7293524C000638FC5 /* SavedFace+CoreDataClass.swift */ = {isa = PBXFileReference; lastKnownFileType = sourcecode.swift; path = "SavedFace+CoreDataClass.swift"; sourceTree = "<group>"; };
		57A51FE8293524C000638FC5 /* SavedFace+CoreDataProperties.swift */ = {isa = PBXFileReference; lastKnownFileType = sourcecode.swift; path = "SavedFace+CoreDataProperties.swift"; sourceTree = "<group>"; };
/* End PBXFileReference section */

/* Begin PBXFrameworksBuildPhase section */
		572B6711292FFA7A0050F553 /* Frameworks */ = {
			isa = PBXFrameworksBuildPhase;
			buildActionMask = 2147483647;
			files = (
			);
			runOnlyForDeploymentPostprocessing = 0;
		};
/* End PBXFrameworksBuildPhase section */

/* Begin PBXGroup section */
		572B670B292FFA7A0050F553 = {
			isa = PBXGroup;
			children = (
				572B6716292FFA7A0050F553 /* FaceList */,
				572B6715292FFA7A0050F553 /* Products */,
			);
			sourceTree = "<group>";
		};
		572B6715292FFA7A0050F553 /* Products */ = {
			isa = PBXGroup;
			children = (
				572B6714292FFA7A0050F553 /* FaceList.app */,
			);
			name = Products;
			sourceTree = "<group>";
		};
		572B6716292FFA7A0050F553 /* FaceList */ = {
			isa = PBXGroup;
			children = (
				5798BA9C2931380E007A71F6 /* Info.plist */,
				572B6725292FFAA10050F553 /* Model */,
				572B6726292FFAAA0050F553 /* View */,
				572B6727292FFABA0050F553 /* ViewModel */,
				572B671B292FFA7B0050F553 /* Assets.xcassets */,
				572B671D292FFA7B0050F553 /* Preview Content */,
			);
			path = FaceList;
			sourceTree = "<group>";
		};
		572B671D292FFA7B0050F553 /* Preview Content */ = {
			isa = PBXGroup;
			children = (
				572B671E292FFA7B0050F553 /* Preview Assets.xcassets */,
			);
			path = "Preview Content";
			sourceTree = "<group>";
		};
		572B6725292FFAA10050F553 /* Model */ = {
			isa = PBXGroup;
			children = (
				572B6717292FFA7A0050F553 /* FaceListApp.swift */,
				5798BA9929313286007A71F6 /* ImagePicker.swift */,
				5798BA932930DD39007A71F6 /* Face.swift */,
				5798BAA2293164DB007A71F6 /* Faces.swift */,
				5798BAB22933C6CD007A71F6 /* FileManager-DocumentsDirectory.swift */,
				5798BAB42933C749007A71F6 /* FileManager.swift */,
				57A51FE52935217F00638FC5 /* LocationFetcher.swift */,
				5798BAA92932C419007A71F6 /* CoreData */,
			);
			path = Model;
			sourceTree = "<group>";
		};
		572B6726292FFAAA0050F553 /* View */ = {
			isa = PBXGroup;
			children = (
				572B6719292FFA7A0050F553 /* ContentView.swift */,
				5798BA972930E051007A71F6 /* FaceDetailView.swift */,
				5798BA9E293161F4007A71F6 /* NewFace.swift */,
			);
			path = View;
			sourceTree = "<group>";
		};
		572B6727292FFABA0050F553 /* ViewModel */ = {
			isa = PBXGroup;
			children = (
				572B6728292FFBDE0050F553 /* ContentView-ViewModel.swift */,
				5798BAB62933CDD4007A71F6 /* FaceDetailView-ViewModel.swift */,
				5798BAA029316204007A71F6 /* NewFace-ViewModel.swift */,
			);
			path = ViewModel;
			sourceTree = "<group>";
		};
		5798BAA92932C419007A71F6 /* CoreData */ = {
			isa = PBXGroup;
			children = (
				57A51FE7293524C000638FC5 /* SavedFace+CoreDataClass.swift */,
				57A51FE8293524C000638FC5 /* SavedFace+CoreDataProperties.swift */,
				5798BAA42932C2E7007A71F6 /* DataController.swift */,
				5798BAA62932C312007A71F6 /* FaceList.xcdatamodeld */,
			);
			path = CoreData;
			sourceTree = "<group>";
		};
/* End PBXGroup section */

/* Begin PBXNativeTarget section */
		572B6713292FFA7A0050F553 /* FaceList */ = {
			isa = PBXNativeTarget;
			buildConfigurationList = 572B6722292FFA7B0050F553 /* Build configuration list for PBXNativeTarget "FaceList" */;
			buildPhases = (
				572B6710292FFA7A0050F553 /* Sources */,
				572B6711292FFA7A0050F553 /* Frameworks */,
				572B6712292FFA7A0050F553 /* Resources */,
			);
			buildRules = (
			);
			dependencies = (
			);
			name = FaceList;
			productName = FaceList;
			productReference = 572B6714292FFA7A0050F553 /* FaceList.app */;
			productType = "com.apple.product-type.application";
		};
/* End PBXNativeTarget section */

/* Begin PBXProject section */
		572B670C292FFA7A0050F553 /* Project object */ = {
			isa = PBXProject;
			attributes = {
				BuildIndependentTargetsInParallel = 1;
				LastSwiftUpdateCheck = 1410;
				LastUpgradeCheck = 1410;
				TargetAttributes = {
					572B6713292FFA7A0050F553 = {
						CreatedOnToolsVersion = 14.1;
					};
				};
			};
			buildConfigurationList = 572B670F292FFA7A0050F553 /* Build configuration list for PBXProject "FaceList" */;
			compatibilityVersion = "Xcode 14.0";
			developmentRegion = en;
			hasScannedForEncodings = 0;
			knownRegions = (
				en,
				Base,
			);
			mainGroup = 572B670B292FFA7A0050F553;
			productRefGroup = 572B6715292FFA7A0050F553 /* Products */;
			projectDirPath = "";
			projectRoot = "";
			targets = (
				572B6713292FFA7A0050F553 /* FaceList */,
			);
		};
/* End PBXProject section */

/* Begin PBXResourcesBuildPhase section */
		572B6712292FFA7A0050F553 /* Resources */ = {
			isa = PBXResourcesBuildPhase;
			buildActionMask = 2147483647;
			files = (
				572B671F292FFA7B0050F553 /* Preview Assets.xcassets in Resources */,
				572B671C292FFA7B0050F553 /* Assets.xcassets in Resources */,
			);
			runOnlyForDeploymentPostprocessing = 0;
		};
/* End PBXResourcesBuildPhase section */

/* Begin PBXSourcesBuildPhase section */
		572B6710292FFA7A0050F553 /* Sources */ = {
			isa = PBXSourcesBuildPhase;
			buildActionMask = 2147483647;
			files = (
				5798BAB52933C749007A71F6 /* FileManager.swift in Sources */,
				5798BAA3293164DB007A71F6 /* Faces.swift in Sources */,
				5798BAA82932C312007A71F6 /* FaceList.xcdatamodeld in Sources */,
				5798BA9F293161F4007A71F6 /* NewFace.swift in Sources */,
				5798BA942930DD39007A71F6 /* Face.swift in Sources */,
				57A51FE62935217F00638FC5 /* LocationFetcher.swift in Sources */,
				572B671A292FFA7A0050F553 /* ContentView.swift in Sources */,
				57A51FEA293524C000638FC5 /* SavedFace+CoreDataProperties.swift in Sources */,
				572B6729292FFBDE0050F553 /* ContentView-ViewModel.swift in Sources */,
				5798BAB32933C6CD007A71F6 /* FileManager-DocumentsDirectory.swift in Sources */,
				5798BAA52932C2E7007A71F6 /* DataController.swift in Sources */,
				5798BAA129316204007A71F6 /* NewFace-ViewModel.swift in Sources */,
				5798BA9A29313286007A71F6 /* ImagePicker.swift in Sources */,
				5798BA982930E051007A71F6 /* FaceDetailView.swift in Sources */,
				572B6718292FFA7A0050F553 /* FaceListApp.swift in Sources */,
				57A51FE9293524C000638FC5 /* SavedFace+CoreDataClass.swift in Sources */,
				5798BAB72933CDD4007A71F6 /* FaceDetailView-ViewModel.swift in Sources */,
			);
			runOnlyForDeploymentPostprocessing = 0;
		};
/* End PBXSourcesBuildPhase section */

/* Begin XCBuildConfiguration section */
		572B6720292FFA7B0050F553 /* Debug */ = {
			isa = XCBuildConfiguration;
			buildSettings = {
				ALWAYS_SEARCH_USER_PATHS = NO;
				CLANG_ANALYZER_NONNULL = YES;
				CLANG_ANALYZER_NUMBER_OBJECT_CONVERSION = YES_AGGRESSIVE;
				CLANG_CXX_LANGUAGE_STANDARD = "gnu++20";
				CLANG_ENABLE_MODULES = YES;
				CLANG_ENABLE_OBJC_ARC = YES;
				CLANG_ENABLE_OBJC_WEAK = YES;
				CLANG_WARN_BLOCK_CAPTURE_AUTORELEASING = YES;
				CLANG_WARN_BOOL_CONVERSION = YES;
				CLANG_WARN_COMMA = YES;
				CLANG_WARN_CONSTANT_CONVERSION = YES;
				CLANG_WARN_DEPRECATED_OBJC_IMPLEMENTATIONS = YES;
				CLANG_WARN_DIRECT_OBJC_ISA_USAGE = YES_ERROR;
				CLANG_WARN_DOCUMENTATION_COMMENTS = YES;
				CLANG_WARN_EMPTY_BODY = YES;
				CLANG_WARN_ENUM_CONVERSION = YES;
				CLANG_WARN_INFINITE_RECURSION = YES;
				CLANG_WARN_INT_CONVERSION = YES;
				CLANG_WARN_NON_LITERAL_NULL_CONVERSION = YES;
				CLANG_WARN_OBJC_IMPLICIT_RETAIN_SELF = YES;
				CLANG_WARN_OBJC_LITERAL_CONVERSION = YES;
				CLANG_WARN_OBJC_ROOT_CLASS = YES_ERROR;
				CLANG_WARN_QUOTED_INCLUDE_IN_FRAMEWORK_HEADER = YES;
				CLANG_WARN_RANGE_LOOP_ANALYSIS = YES;
				CLANG_WARN_STRICT_PROTOTYPES = YES;
				CLANG_WARN_SUSPICIOUS_MOVE = YES;
				CLANG_WARN_UNGUARDED_AVAILABILITY = YES_AGGRESSIVE;
				CLANG_WARN_UNREACHABLE_CODE = YES;
				CLANG_WARN__DUPLICATE_METHOD_MATCH = YES;
				COPY_PHASE_STRIP = NO;
				DEBUG_INFORMATION_FORMAT = dwarf;
				ENABLE_STRICT_OBJC_MSGSEND = YES;
				ENABLE_TESTABILITY = YES;
				GCC_C_LANGUAGE_STANDARD = gnu11;
				GCC_DYNAMIC_NO_PIC = NO;
				GCC_NO_COMMON_BLOCKS = YES;
				GCC_OPTIMIZATION_LEVEL = 0;
				GCC_PREPROCESSOR_DEFINITIONS = (
					"DEBUG=1",
					"$(inherited)",
				);
				GCC_WARN_64_TO_32_BIT_CONVERSION = YES;
				GCC_WARN_ABOUT_RETURN_TYPE = YES_ERROR;
				GCC_WARN_UNDECLARED_SELECTOR = YES;
				GCC_WARN_UNINITIALIZED_AUTOS = YES_AGGRESSIVE;
				GCC_WARN_UNUSED_FUNCTION = YES;
				GCC_WARN_UNUSED_VARIABLE = YES;
				IPHONEOS_DEPLOYMENT_TARGET = 16.1;
				MTL_ENABLE_DEBUG_INFO = INCLUDE_SOURCE;
				MTL_FAST_MATH = YES;
				ONLY_ACTIVE_ARCH = YES;
				SDKROOT = iphoneos;
				SWIFT_ACTIVE_COMPILATION_CONDITIONS = DEBUG;
				SWIFT_OPTIMIZATION_LEVEL = "-Onone";
			};
			name = Debug;
		};
		572B6721292FFA7B0050F553 /* Release */ = {
			isa = XCBuildConfiguration;
			buildSettings = {
				ALWAYS_SEARCH_USER_PATHS = NO;
				CLANG_ANALYZER_NONNULL = YES;
				CLANG_ANALYZER_NUMBER_OBJECT_CONVERSION = YES_AGGRESSIVE;
				CLANG_CXX_LANGUAGE_STANDARD = "gnu++20";
				CLANG_ENABLE_MODULES = YES;
				CLANG_ENABLE_OBJC_ARC = YES;
				CLANG_ENABLE_OBJC_WEAK = YES;
				CLANG_WARN_BLOCK_CAPTURE_AUTORELEASING = YES;
				CLANG_WARN_BOOL_CONVERSION = YES;
				CLANG_WARN_COMMA = YES;
				CLANG_WARN_CONSTANT_CONVERSION = YES;
				CLANG_WARN_DEPRECATED_OBJC_IMPLEMENTATIONS = YES;
				CLANG_WARN_DIRECT_OBJC_ISA_USAGE = YES_ERROR;
				CLANG_WARN_DOCUMENTATION_COMMENTS = YES;
				CLANG_WARN_EMPTY_BODY = YES;
				CLANG_WARN_ENUM_CONVERSION = YES;
				CLANG_WARN_INFINITE_RECURSION = YES;
				CLANG_WARN_INT_CONVERSION = YES;
				CLANG_WARN_NON_LITERAL_NULL_CONVERSION = YES;
				CLANG_WARN_OBJC_IMPLICIT_RETAIN_SELF = YES;
				CLANG_WARN_OBJC_LITERAL_CONVERSION = YES;
				CLANG_WARN_OBJC_ROOT_CLASS = YES_ERROR;
				CLANG_WARN_QUOTED_INCLUDE_IN_FRAMEWORK_HEADER = YES;
				CLANG_WARN_RANGE_LOOP_ANALYSIS = YES;
				CLANG_WARN_STRICT_PROTOTYPES = YES;
				CLANG_WARN_SUSPICIOUS_MOVE = YES;
				CLANG_WARN_UNGUARDED_AVAILABILITY = YES_AGGRESSIVE;
				CLANG_WARN_UNREACHABLE_CODE = YES;
				CLANG_WARN__DUPLICATE_METHOD_MATCH = YES;
				COPY_PHASE_STRIP = NO;
				DEBUG_INFORMATION_FORMAT = "dwarf-with-dsym";
				ENABLE_NS_ASSERTIONS = NO;
				ENABLE_STRICT_OBJC_MSGSEND = YES;
				GCC_C_LANGUAGE_STANDARD = gnu11;
				GCC_NO_COMMON_BLOCKS = YES;
				GCC_WARN_64_TO_32_BIT_CONVERSION = YES;
				GCC_WARN_ABOUT_RETURN_TYPE = YES_ERROR;
				GCC_WARN_UNDECLARED_SELECTOR = YES;
				GCC_WARN_UNINITIALIZED_AUTOS = YES_AGGRESSIVE;
				GCC_WARN_UNUSED_FUNCTION = YES;
				GCC_WARN_UNUSED_VARIABLE = YES;
				IPHONEOS_DEPLOYMENT_TARGET = 16.1;
				MTL_ENABLE_DEBUG_INFO = NO;
				MTL_FAST_MATH = YES;
				SDKROOT = iphoneos;
				SWIFT_COMPILATION_MODE = wholemodule;
				SWIFT_OPTIMIZATION_LEVEL = "-O";
				VALIDATE_PRODUCT = YES;
			};
			name = Release;
		};
		572B6723292FFA7B0050F553 /* Debug */ = {
			isa = XCBuildConfiguration;
			buildSettings = {
				ASSETCATALOG_COMPILER_APPICON_NAME = AppIcon;
				ASSETCATALOG_COMPILER_GLOBAL_ACCENT_COLOR_NAME = AccentColor;
				CODE_SIGN_STYLE = Automatic;
				CURRENT_PROJECT_VERSION = 1;
				DEVELOPMENT_ASSET_PATHS = "\"FaceList/Preview Content\"";
				DEVELOPMENT_TEAM = 3LPAZYKA42;
				ENABLE_PREVIEWS = YES;
				GENERATE_INFOPLIST_FILE = YES;
				INFOPLIST_FILE = FaceList/Info.plist;
				INFOPLIST_KEY_LSApplicationCategoryType = "";
				INFOPLIST_KEY_NSLocationWhenInUseUsageDescription = "We need your location.";
				INFOPLIST_KEY_NSPhotoLibraryAddUsageDescription = "We need access to photos to upload them.";
				INFOPLIST_KEY_UIApplicationSceneManifest_Generation = YES;
				INFOPLIST_KEY_UIApplicationSupportsIndirectInputEvents = YES;
				INFOPLIST_KEY_UILaunchScreen_Generation = YES;
				INFOPLIST_KEY_UISupportedInterfaceOrientations_iPad = "UIInterfaceOrientationPortrait UIInterfaceOrientationPortraitUpsideDown UIInterfaceOrientationLandscapeLeft UIInterfaceOrientationLandscapeRight";
				INFOPLIST_KEY_UISupportedInterfaceOrientations_iPhone = "UIInterfaceOrientationPortrait UIInterfaceOrientationLandscapeLeft UIInterfaceOrientationLandscapeRight";
				LD_RUNPATH_SEARCH_PATHS = (
					"$(inherited)",
					"@executable_path/Frameworks",
				);
				MARKETING_VERSION = 1.0;
				PRODUCT_BUNDLE_IDENTIFIER = com.wells.justin.FaceList;
				PRODUCT_NAME = "$(TARGET_NAME)";
				SWIFT_EMIT_LOC_STRINGS = YES;
				SWIFT_VERSION = 5.0;
				TARGETED_DEVICE_FAMILY = "1,2";
			};
			name = Debug;
		};
		572B6724292FFA7B0050F553 /* Release */ = {
			isa = XCBuildConfiguration;
			buildSettings = {
				ASSETCATALOG_COMPILER_APPICON_NAME = AppIcon;
				ASSETCATALOG_COMPILER_GLOBAL_ACCENT_COLOR_NAME = AccentColor;
				CODE_SIGN_STYLE = Automatic;
				CURRENT_PROJECT_VERSION = 1;
				DEVELOPMENT_ASSET_PATHS = "\"FaceList/Preview Content\"";
				DEVELOPMENT_TEAM = 3LPAZYKA42;
				ENABLE_PREVIEWS = YES;
				GENERATE_INFOPLIST_FILE = YES;
				INFOPLIST_FILE = FaceList/Info.plist;
				INFOPLIST_KEY_LSApplicationCategoryType = "";
				INFOPLIST_KEY_NSLocationWhenInUseUsageDescription = "We need your location.";
				INFOPLIST_KEY_NSPhotoLibraryAddUsageDescription = "We need access to photos to upload them.";
				INFOPLIST_KEY_UIApplicationSceneManifest_Generation = YES;
				INFOPLIST_KEY_UIApplicationSupportsIndirectInputEvents = YES;
				INFOPLIST_KEY_UILaunchScreen_Generation = YES;
				INFOPLIST_KEY_UISupportedInterfaceOrientations_iPad = "UIInterfaceOrientationPortrait UIInterfaceOrientationPortraitUpsideDown UIInterfaceOrientationLandscapeLeft UIInterfaceOrientationLandscapeRight";
				INFOPLIST_KEY_UISupportedInterfaceOrientations_iPhone = "UIInterfaceOrientationPortrait UIInterfaceOrientationLandscapeLeft UIInterfaceOrientationLandscapeRight";
				LD_RUNPATH_SEARCH_PATHS = (
					"$(inherited)",
					"@executable_path/Frameworks",
				);
				MARKETING_VERSION = 1.0;
				PRODUCT_BUNDLE_IDENTIFIER = com.wells.justin.FaceList;
				PRODUCT_NAME = "$(TARGET_NAME)";
				SWIFT_EMIT_LOC_STRINGS = YES;
				SWIFT_VERSION = 5.0;
				TARGETED_DEVICE_FAMILY = "1,2";
			};
			name = Release;
		};
/* End XCBuildConfiguration section */

/* Begin XCConfigurationList section */
		572B670F292FFA7A0050F553 /* Build configuration list for PBXProject "FaceList" */ = {
			isa = XCConfigurationList;
			buildConfigurations = (
				572B6720292FFA7B0050F553 /* Debug */,
				572B6721292FFA7B0050F553 /* Release */,
			);
			defaultConfigurationIsVisible = 0;
			defaultConfigurationName = Release;
		};
		572B6722292FFA7B0050F553 /* Build configuration list for PBXNativeTarget "FaceList" */ = {
			isa = XCConfigurationList;
			buildConfigurations = (
				572B6723292FFA7B0050F553 /* Debug */,
				572B6724292FFA7B0050F553 /* Release */,
			);
			defaultConfigurationIsVisible = 0;
			defaultConfigurationName = Release;
		};
/* End XCConfigurationList section */

/* Begin XCVersionGroup section */
		5798BAA62932C312007A71F6 /* FaceList.xcdatamodeld */ = {
			isa = XCVersionGroup;
			children = (
				5798BAA72932C312007A71F6 /* FaceList.xcdatamodel */,
			);
			currentVersion = 5798BAA72932C312007A71F6 /* FaceList.xcdatamodel */;
			path = FaceList.xcdatamodeld;
			sourceTree = "<group>";
			versionGroupType = wrapper.xcdatamodel;
		};
/* End XCVersionGroup section */
	};
	rootObject = 572B670C292FFA7A0050F553 /* Project object */;
}
